
Microsoft Visual Studio Solution File, Format Version 12.00
# Visual Studio 15
VisualStudioVersion = 15.0.28307.271
MinimumVisualStudioVersion = 10.0.40219.1
Project("{FAE04EC0-301F-11D3-BF4B-00C04F79EFBC}") = "ConsoleApp44", "ConsoleApp44\ConsoleApp44.csproj", "{5DA4B611-64D4-4D63-81D1-AF94E2B63FFF}"
EndProject
Global
	GlobalSection(SolutionConfigurationPlatforms) = preSolution
		Debug|Any CPU = Debug|Any CPU
		Release|Any CPU = Release|Any CPU
	EndGlobalSection
	GlobalSection(ProjectConfigurationPlatforms) = postSolution
		{5DA4B611-64D4-4D63-81D1-AF94E2B63FFF}.Debug|Any CPU.ActiveCfg = Debug|Any CPU
		{5DA4B611-64D4-4D63-81D1-AF94E2B63FFF}.Debug|Any CPU.Build.0 = Debug|Any CPU
		{5DA4B611-64D4-4D63-81D1-AF94E2B63FFF}.Release|Any CPU.ActiveCfg = Release|Any CPU
		{5DA4B611-64D4-4D63-81D1-AF94E2B63FFF}.Release|Any CPU.Build.0 = Release|Any CPU
	EndGlobalSection
	GlobalSection(SolutionProperties) = preSolution
		HideSolutionNode = FALSE
	EndGlobalSection
	GlobalSection(ExtensibilityGlobals) = postSolution
		SolutionGuid = {38C1B965-6F88-47DA-BD68-D83B6201002B}
	EndGlobalSection
EndGlobal
